
Microsoft Visual Studio Solution File, Format Version 12.00
# Visual Studio Version 16
VisualStudioVersion = 16.0.29306.81
MinimumVisualStudioVersion = 10.0.40219.1
Project("{FAE04EC0-301F-11D3-BF4B-00C04F79EFBC}") = "PascalTriangleTest", "PascalTriangleTest\PascalTriangleTest.csproj", "{12E340FC-69AE-4F92-A8A3-23D4C29D25C3}"
EndProject
Global
	GlobalSection(SolutionConfigurationPlatforms) = preSolution
		Debug|Any CPU = Debug|Any CPU
		Release|Any CPU = Release|Any CPU
	EndGlobalSection
	GlobalSection(ProjectConfigurationPlatforms) = postSolution
		{12E340FC-69AE-4F92-A8A3-23D4C29D25C3}.Debug|Any CPU.ActiveCfg = Debug|Any CPU
		{12E340FC-69AE-4F92-A8A3-23D4C29D25C3}.Debug|Any CPU.Build.0 = Debug|Any CPU
		{12E340FC-69AE-4F92-A8A3-23D4C29D25C3}.Release|Any CPU.ActiveCfg = Release|Any CPU
		{12E340FC-69AE-4F92-A8A3-23D4C29D25C3}.Release|Any CPU.Build.0 = Release|Any CPU
	EndGlobalSection
	GlobalSection(SolutionProperties) = preSolution
		HideSolutionNode = FALSE
	EndGlobalSection
	GlobalSection(ExtensibilityGlobals) = postSolution
		SolutionGuid = {80E0F17F-4969-44E8-9B21-C9FE6C984CF9}
	EndGlobalSection
EndGlobal
