
Microsoft Visual Studio Solution File, Format Version 12.00
# Visual Studio Version 16
VisualStudioVersion = 16.0.30717.126
MinimumVisualStudioVersion = 10.0.40219.1
Project("{FAE04EC0-301F-11D3-BF4B-00C04F79EFBC}") = "Shipping.Test", "Shipping.Test\Shipping.Test.csproj", "{52FA73BF-C7BD-4CFF-97C7-947BD10714B7}"
EndProject
Project("{FAE04EC0-301F-11D3-BF4B-00C04F79EFBC}") = "Shipping.Lib", "Shipping.Lib\Shipping.Lib.csproj", "{BE145880-EDED-46DA-97FD-017DB58FB313}"
EndProject
Global
	GlobalSection(SolutionConfigurationPlatforms) = preSolution
		Debug|Any CPU = Debug|Any CPU
		Release|Any CPU = Release|Any CPU
	EndGlobalSection
	GlobalSection(ProjectConfigurationPlatforms) = postSolution
		{52FA73BF-C7BD-4CFF-97C7-947BD10714B7}.Debug|Any CPU.ActiveCfg = Debug|Any CPU
		{52FA73BF-C7BD-4CFF-97C7-947BD10714B7}.Debug|Any CPU.Build.0 = Debug|Any CPU
		{52FA73BF-C7BD-4CFF-97C7-947BD10714B7}.Release|Any CPU.ActiveCfg = Release|Any CPU
		{52FA73BF-C7BD-4CFF-97C7-947BD10714B7}.Release|Any CPU.Build.0 = Release|Any CPU
		{BE145880-EDED-46DA-97FD-017DB58FB313}.Debug|Any CPU.ActiveCfg = Debug|Any CPU
		{BE145880-EDED-46DA-97FD-017DB58FB313}.Debug|Any CPU.Build.0 = Debug|Any CPU
		{BE145880-EDED-46DA-97FD-017DB58FB313}.Release|Any CPU.ActiveCfg = Release|Any CPU
		{BE145880-EDED-46DA-97FD-017DB58FB313}.Release|Any CPU.Build.0 = Release|Any CPU
	EndGlobalSection
	GlobalSection(SolutionProperties) = preSolution
		HideSolutionNode = FALSE
	EndGlobalSection
	GlobalSection(ExtensibilityGlobals) = postSolution
		SolutionGuid = {29A3D444-5618-4184-B5EB-6F201FF04243}
	EndGlobalSection
EndGlobal
